{
  "name": "www",
  "version": "0.1.0",
  "lockfileVersion": 2,
  "requires": true,
  "packages": {
    "": {
      "version": "0.1.0",
      "dependencies": {
        "sound": "github:kittykatattack/sound.js"
      }
    },
    "node_modules/sound": {
      "version": "1.0.0",
      "resolved": "git+ssh://git@github.com/kittykatattack/sound.js.git#a51b75e5db9c8959f6934553ac93964e4eb25800",
      "license": "MIT"
    }
  },
  "dependencies": {
    "sound": {
      "version": "git+ssh://git@github.com/kittykatattack/sound.js.git#a51b75e5db9c8959f6934553ac93964e4eb25800",
      "from": "sound@github:kittykatattack/sound.js"
    }
  }
}
